// !$*UTF8*$!
{
	archiveVersion = 1;
	classes = {
	};
	objectVersion = 46;
	objects = {

/* Begin PBXBuildFile section */
		271C9DA7186553F300DB39C7 /* KTextViewPlaceholder.m in Sources */ = {isa = PBXBuildFile; fileRef = 271C9DA6186553F300DB39C7 /* KTextViewPlaceholder.m */; };
		2739E6F7185E0A230062AAF5 /* SettingViewController.m in Sources */ = {isa = PBXBuildFile; fileRef = 2739E6F5185E0A230062AAF5 /* SettingViewController.m */; };
		2739E6F8185E0A230062AAF5 /* SettingViewController.xib in Resources */ = {isa = PBXBuildFile; fileRef = 2739E6F6185E0A230062AAF5 /* SettingViewController.xib */; };
		2739E700185E0C920062AAF5 /* AccountSummaryCell.m in Sources */ = {isa = PBXBuildFile; fileRef = 2739E6FF185E0C920062AAF5 /* AccountSummaryCell.m */; };
		2739E702185E0CA10062AAF5 /* AccountSummaryCell.xib in Resources */ = {isa = PBXBuildFile; fileRef = 2739E701185E0CA10062AAF5 /* AccountSummaryCell.xib */; };
		2739E704185E0F1B0062AAF5 /* avatar.png in Resources */ = {isa = PBXBuildFile; fileRef = 2739E703185E0F1B0062AAF5 /* avatar.png */; };
		2739E708185E10E40062AAF5 /* EditAccountViewController.m in Sources */ = {isa = PBXBuildFile; fileRef = 2739E706185E10E40062AAF5 /* EditAccountViewController.m */; };
		2739E709185E10E40062AAF5 /* EditAccountViewController.xib in Resources */ = {isa = PBXBuildFile; fileRef = 2739E707185E10E40062AAF5 /* EditAccountViewController.xib */; };
		2739E70C185E17700062AAF5 /* ImageTextFieldCell.m in Sources */ = {isa = PBXBuildFile; fileRef = 2739E70B185E17700062AAF5 /* ImageTextFieldCell.m */; };
		2739E70E185E17820062AAF5 /* ImageTextFieldCell.xib in Resources */ = {isa = PBXBuildFile; fileRef = 2739E70D185E17820062AAF5 /* ImageTextFieldCell.xib */; };
		2739E710185E17990062AAF5 /* LabelTextFieldCell.xib in Resources */ = {isa = PBXBuildFile; fileRef = 2739E70F185E17990062AAF5 /* LabelTextFieldCell.xib */; };
		2739E713185E17AD0062AAF5 /* LabelTextFieldCell.m in Sources */ = {isa = PBXBuildFile; fileRef = 2739E712185E17AD0062AAF5 /* LabelTextFieldCell.m */; };
		2756A32F1865ED370030941C /* FMDatabase.m in Sources */ = {isa = PBXBuildFile; fileRef = 2756A3261865ED370030941C /* FMDatabase.m */; };
		2756A3301865ED370030941C /* FMDatabaseAdditions.m in Sources */ = {isa = PBXBuildFile; fileRef = 2756A3281865ED370030941C /* FMDatabaseAdditions.m */; };
		2756A3311865ED370030941C /* FMDatabasePool.m in Sources */ = {isa = PBXBuildFile; fileRef = 2756A32A1865ED370030941C /* FMDatabasePool.m */; };
		2756A3321865ED370030941C /* FMDatabaseQueue.m in Sources */ = {isa = PBXBuildFile; fileRef = 2756A32C1865ED370030941C /* FMDatabaseQueue.m */; };
		2756A3331865ED370030941C /* FMResultSet.m in Sources */ = {isa = PBXBuildFile; fileRef = 2756A32E1865ED370030941C /* FMResultSet.m */; };
		2756A3351865F4320030941C /* libsqlite3.dylib in Frameworks */ = {isa = PBXBuildFile; fileRef = 2756A3341865F4320030941C /* libsqlite3.dylib */; };
		2767199D1866154100867197 /* Storage.m in Sources */ = {isa = PBXBuildFile; fileRef = 2767199C1866154100867197 /* Storage.m */; };
		FB1B89471868224C0096B400 /* KHttpManager.m in Sources */ = {isa = PBXBuildFile; fileRef = FB1B89211868224C0096B400 /* KHttpManager.m */; };
		FB1B89481868224C0096B400 /* KUnits.m in Sources */ = {isa = PBXBuildFile; fileRef = FB1B89231868224C0096B400 /* KUnits.m */; };
		FB1B89491868224C0096B400 /* UIImage+Compress.m in Sources */ = {isa = PBXBuildFile; fileRef = FB1B89251868224C0096B400 /* UIImage+Compress.m */; };
		FB1B894A1868224C0096B400 /* KQQChatShared.m in Sources */ = {isa = PBXBuildFile; fileRef = FB1B89281868224C0096B400 /* KQQChatShared.m */; };
		FB1B894B1868224C0096B400 /* KSharedMessage.m in Sources */ = {isa = PBXBuildFile; fileRef = FB1B892A1868224C0096B400 /* KSharedMessage.m */; };
		FB1B894C1868224C0096B400 /* KSharedSDK.m in Sources */ = {isa = PBXBuildFile; fileRef = FB1B892B1868224C0096B400 /* KSharedSDK.m */; };
		FB1B894D1868224C0096B400 /* KSinaWeiboShared.m in Sources */ = {isa = PBXBuildFile; fileRef = FB1B892D1868224C0096B400 /* KSinaWeiboShared.m */; };
		FB1B894E1868224C0096B400 /* KTencentWeiboShared.m in Sources */ = {isa = PBXBuildFile; fileRef = FB1B892F1868224C0096B400 /* KTencentWeiboShared.m */; };
		FB1B894F1868224C0096B400 /* KWeChatShared.m in Sources */ = {isa = PBXBuildFile; fileRef = FB1B89311868224C0096B400 /* KWeChatShared.m */; };
		FB1B89501868224C0096B400 /* KWeiboOauthView.m in Sources */ = {isa = PBXBuildFile; fileRef = FB1B89331868224C0096B400 /* KWeiboOauthView.m */; };
		FB1B89511868224C0096B400 /* libWeChatSDK.a in Frameworks */ = {isa = PBXBuildFile; fileRef = FB1B89351868224C0096B400 /* libWeChatSDK.a */; };
		FB1B89521868224C0096B400 /* EditBlogViewController.m in Sources */ = {isa = PBXBuildFile; fileRef = FB1B893C1868224C0096B400 /* EditBlogViewController.m */; };
		FB1B89531868224C0096B400 /* HYActivityView.m in Sources */ = {isa = PBXBuildFile; fileRef = FB1B893E1868224C0096B400 /* HYActivityView.m */; };
		FB1B89541868224C0096B400 /* share_platform_qqfriends@2x.png in Resources */ = {isa = PBXBuildFile; fileRef = FB1B89401868224C0096B400 /* share_platform_qqfriends@2x.png */; };
		FB1B89551868224C0096B400 /* share_platform_sina@2x.png in Resources */ = {isa = PBXBuildFile; fileRef = FB1B89411868224C0096B400 /* share_platform_sina@2x.png */; };
		FB1B89561868224C0096B400 /* share_platform_TencentWeibo@2x.png in Resources */ = {isa = PBXBuildFile; fileRef = FB1B89421868224C0096B400 /* share_platform_TencentWeibo@2x.png */; };
		FB1B89571868224C0096B400 /* share_platform_wechat@2x.png in Resources */ = {isa = PBXBuildFile; fileRef = FB1B89431868224C0096B400 /* share_platform_wechat@2x.png */; };
		FB1B89581868224C0096B400 /* share_platform_wechattimeline@2x.png in Resources */ = {isa = PBXBuildFile; fileRef = FB1B89441868224C0096B400 /* share_platform_wechattimeline@2x.png */; };
		FB1B89591868224C0096B400 /* KShareViewManage.m in Sources */ = {isa = PBXBuildFile; fileRef = FB1B89461868224C0096B400 /* KShareViewManage.m */; };
		FB62FD751867FDDB0071F723 /* AccountItem.m in Sources */ = {isa = PBXBuildFile; fileRef = FB62FD741867FDDB0071F723 /* AccountItem.m */; };
		FB87CBD318557286003D6602 /* Foundation.framework in Frameworks */ = {isa = PBXBuildFile; fileRef = FB87CBD218557286003D6602 /* Foundation.framework */; };
		FB87CBD518557286003D6602 /* CoreGraphics.framework in Frameworks */ = {isa = PBXBuildFile; fileRef = FB87CBD418557286003D6602 /* CoreGraphics.framework */; };
		FB87CBD718557286003D6602 /* UIKit.framework in Frameworks */ = {isa = PBXBuildFile; fileRef = FB87CBD618557286003D6602 /* UIKit.framework */; };
		FB87CBDD18557286003D6602 /* InfoPlist.strings in Resources */ = {isa = PBXBuildFile; fileRef = FB87CBDB18557286003D6602 /* InfoPlist.strings */; };
		FB87CBDF18557286003D6602 /* main.m in Sources */ = {isa = PBXBuildFile; fileRef = FB87CBDE18557286003D6602 /* main.m */; };
		FB87CBE318557286003D6602 /* AppDelegate.m in Sources */ = {isa = PBXBuildFile; fileRef = FB87CBE218557286003D6602 /* AppDelegate.m */; };
		FB87CBE518557286003D6602 /* Images.xcassets in Resources */ = {isa = PBXBuildFile; fileRef = FB87CBE418557286003D6602 /* Images.xcassets */; };
		FB87CBEC18557287003D6602 /* XCTest.framework in Frameworks */ = {isa = PBXBuildFile; fileRef = FB87CBEB18557287003D6602 /* XCTest.framework */; };
		FB87CBED18557287003D6602 /* Foundation.framework in Frameworks */ = {isa = PBXBuildFile; fileRef = FB87CBD218557286003D6602 /* Foundation.framework */; };
		FB87CBEE18557287003D6602 /* UIKit.framework in Frameworks */ = {isa = PBXBuildFile; fileRef = FB87CBD618557286003D6602 /* UIKit.framework */; };
		FB87CC04185572EE003D6602 /* MainViewController.m in Sources */ = {isa = PBXBuildFile; fileRef = FB87CC02185572EE003D6602 /* MainViewController.m */; };
		FB87CC05185572EE003D6602 /* MainViewController.xib in Resources */ = {isa = PBXBuildFile; fileRef = FB87CC03185572EE003D6602 /* MainViewController.xib */; };
		FB87CC1D18559009003D6602 /* NormalCircle.m in Sources */ = {isa = PBXBuildFile; fileRef = FB87CC1618559009003D6602 /* NormalCircle.m */; };
		FB87CC1E18559009003D6602 /* SPLine.m in Sources */ = {isa = PBXBuildFile; fileRef = FB87CC1818559009003D6602 /* SPLine.m */; };
		FB87CC1F18559009003D6602 /* SPLockOverlay.m in Sources */ = {isa = PBXBuildFile; fileRef = FB87CC1A18559009003D6602 /* SPLockOverlay.m */; };
		FB87CC2018559009003D6602 /* SPLockScreen.m in Sources */ = {isa = PBXBuildFile; fileRef = FB87CC1C18559009003D6602 /* SPLockScreen.m */; };
		FB87CC24185590F1003D6602 /* LockViewController.m in Sources */ = {isa = PBXBuildFile; fileRef = FB87CC22185590F1003D6602 /* LockViewController.m */; };
		FB87CC25185590F1003D6602 /* LockViewController.xib in Resources */ = {isa = PBXBuildFile; fileRef = FB87CC23185590F1003D6602 /* LockViewController.xib */; };
		FB87CC2A18559376003D6602 /* lockBackground.png in Resources */ = {isa = PBXBuildFile; fileRef = FB87CC2918559376003D6602 /* lockBackground.png */; };
		FBA6CDD9186856D600DE26BB /* RemarkTextViewController.m in Sources */ = {isa = PBXBuildFile; fileRef = FBA6CDD7186856D600DE26BB /* RemarkTextViewController.m */; };
		FBA6CDDA186856D600DE26BB /* RemarkTextViewController.xib in Resources */ = {isa = PBXBuildFile; fileRef = FBA6CDD8186856D600DE26BB /* RemarkTextViewController.xib */; };
/* End PBXBuildFile section */

/* Begin PBXContainerItemProxy section */
		FB87CBEF18557287003D6602 /* PBXContainerItemProxy */ = {
			isa = PBXContainerItemProxy;
			containerPortal = FB87CBC718557286003D6602 /* Project object */;
			proxyType = 1;
			remoteGlobalIDString = FB87CBCE18557286003D6602;
			remoteInfo = password;
		};
/* End PBXContainerItemProxy section */

/* Begin PBXFileReference section */
		271C9DA5186553F300DB39C7 /* KTextViewPlaceholder.h */ = {isa = PBXFileReference; fileEncoding = 4; lastKnownFileType = sourcecode.c.h; path = KTextViewPlaceholder.h; sourceTree = "<group>"; };
		271C9DA6186553F300DB39C7 /* KTextViewPlaceholder.m */ = {isa = PBXFileReference; fileEncoding = 4; lastKnownFileType = sourcecode.c.objc; path = KTextViewPlaceholder.m; sourceTree = "<group>"; };
		2739E6F4185E0A230062AAF5 /* SettingViewController.h */ = {isa = PBXFileReference; fileEncoding = 4; lastKnownFileType = sourcecode.c.h; path = SettingViewController.h; sourceTree = "<group>"; };
		2739E6F5185E0A230062AAF5 /* SettingViewController.m */ = {isa = PBXFileReference; fileEncoding = 4; lastKnownFileType = sourcecode.c.objc; path = SettingViewController.m; sourceTree = "<group>"; };
		2739E6F6185E0A230062AAF5 /* SettingViewController.xib */ = {isa = PBXFileReference; fileEncoding = 4; lastKnownFileType = file.xib; path = SettingViewController.xib; sourceTree = "<group>"; };
		2739E6FE185E0C920062AAF5 /* AccountSummaryCell.h */ = {isa = PBXFileReference; fileEncoding = 4; lastKnownFileType = sourcecode.c.h; path = AccountSummaryCell.h; sourceTree = "<group>"; };
		2739E6FF185E0C920062AAF5 /* AccountSummaryCell.m */ = {isa = PBXFileReference; fileEncoding = 4; lastKnownFileType = sourcecode.c.objc; path = AccountSummaryCell.m; sourceTree = "<group>"; };
		2739E701185E0CA10062AAF5 /* AccountSummaryCell.xib */ = {isa = PBXFileReference; fileEncoding = 4; lastKnownFileType = file.xib; path = AccountSummaryCell.xib; sourceTree = "<group>"; };
		2739E703185E0F1B0062AAF5 /* avatar.png */ = {isa = PBXFileReference; lastKnownFileType = image.png; path = avatar.png; sourceTree = "<group>"; };
		2739E705185E10E40062AAF5 /* EditAccountViewController.h */ = {isa = PBXFileReference; fileEncoding = 4; lastKnownFileType = sourcecode.c.h; path = EditAccountViewController.h; sourceTree = "<group>"; };
		2739E706185E10E40062AAF5 /* EditAccountViewController.m */ = {isa = PBXFileReference; fileEncoding = 4; lastKnownFileType = sourcecode.c.objc; path = EditAccountViewController.m; sourceTree = "<group>"; };
		2739E707185E10E40062AAF5 /* EditAccountViewController.xib */ = {isa = PBXFileReference; fileEncoding = 4; lastKnownFileType = file.xib; path = EditAccountViewController.xib; sourceTree = "<group>"; };
		2739E70A185E17700062AAF5 /* ImageTextFieldCell.h */ = {isa = PBXFileReference; fileEncoding = 4; lastKnownFileType = sourcecode.c.h; path = ImageTextFieldCell.h; sourceTree = "<group>"; };
		2739E70B185E17700062AAF5 /* ImageTextFieldCell.m */ = {isa = PBXFileReference; fileEncoding = 4; lastKnownFileType = sourcecode.c.objc; path = ImageTextFieldCell.m; sourceTree = "<group>"; };
		2739E70D185E17820062AAF5 /* ImageTextFieldCell.xib */ = {isa = PBXFileReference; fileEncoding = 4; lastKnownFileType = file.xib; path = ImageTextFieldCell.xib; sourceTree = "<group>"; };
		2739E70F185E17990062AAF5 /* LabelTextFieldCell.xib */ = {isa = PBXFileReference; fileEncoding = 4; lastKnownFileType = file.xib; path = LabelTextFieldCell.xib; sourceTree = "<group>"; };
		2739E711185E17AD0062AAF5 /* LabelTextFieldCell.h */ = {isa = PBXFileReference; fileEncoding = 4; lastKnownFileType = sourcecode.c.h; path = LabelTextFieldCell.h; sourceTree = "<group>"; };
		2739E712185E17AD0062AAF5 /* LabelTextFieldCell.m */ = {isa = PBXFileReference; fileEncoding = 4; lastKnownFileType = sourcecode.c.objc; path = LabelTextFieldCell.m; sourceTree = "<group>"; };
		2756A3251865ED370030941C /* FMDatabase.h */ = {isa = PBXFileReference; fileEncoding = 4; lastKnownFileType = sourcecode.c.h; path = FMDatabase.h; sourceTree = "<group>"; };
		2756A3261865ED370030941C /* FMDatabase.m */ = {isa = PBXFileReference; fileEncoding = 4; lastKnownFileType = sourcecode.c.objc; path = FMDatabase.m; sourceTree = "<group>"; };
		2756A3271865ED370030941C /* FMDatabaseAdditions.h */ = {isa = PBXFileReference; fileEncoding = 4; lastKnownFileType = sourcecode.c.h; path = FMDatabaseAdditions.h; sourceTree = "<group>"; };
		2756A3281865ED370030941C /* FMDatabaseAdditions.m */ = {isa = PBXFileReference; fileEncoding = 4; lastKnownFileType = sourcecode.c.objc; path = FMDatabaseAdditions.m; sourceTree = "<group>"; };
		2756A3291865ED370030941C /* FMDatabasePool.h */ = {isa = PBXFileReference; fileEncoding = 4; lastKnownFileType = sourcecode.c.h; path = FMDatabasePool.h; sourceTree = "<group>"; };
		2756A32A1865ED370030941C /* FMDatabasePool.m */ = {isa = PBXFileReference; fileEncoding = 4; lastKnownFileType = sourcecode.c.objc; path = FMDatabasePool.m; sourceTree = "<group>"; };
		2756A32B1865ED370030941C /* FMDatabaseQueue.h */ = {isa = PBXFileReference; fileEncoding = 4; lastKnownFileType = sourcecode.c.h; path = FMDatabaseQueue.h; sourceTree = "<group>"; };
		2756A32C1865ED370030941C /* FMDatabaseQueue.m */ = {isa = PBXFileReference; fileEncoding = 4; lastKnownFileType = sourcecode.c.objc; path = FMDatabaseQueue.m; sourceTree = "<group>"; };
		2756A32D1865ED370030941C /* FMResultSet.h */ = {isa = PBXFileReference; fileEncoding = 4; lastKnownFileType = sourcecode.c.h; path = FMResultSet.h; sourceTree = "<group>"; };
		2756A32E1865ED370030941C /* FMResultSet.m */ = {isa = PBXFileReference; fileEncoding = 4; lastKnownFileType = sourcecode.c.objc; path = FMResultSet.m; sourceTree = "<group>"; };
		2756A3341865F4320030941C /* libsqlite3.dylib */ = {isa = PBXFileReference; lastKnownFileType = "compiled.mach-o.dylib"; name = libsqlite3.dylib; path = usr/lib/libsqlite3.dylib; sourceTree = SDKROOT; };
		2767199B1866154100867197 /* Storage.h */ = {isa = PBXFileReference; fileEncoding = 4; lastKnownFileType = sourcecode.c.h; path = Storage.h; sourceTree = "<group>"; };
		2767199C1866154100867197 /* Storage.m */ = {isa = PBXFileReference; fileEncoding = 4; lastKnownFileType = sourcecode.c.objc; path = Storage.m; sourceTree = "<group>"; };
		FB1B89201868224C0096B400 /* KHttpManager.h */ = {isa = PBXFileReference; fileEncoding = 4; lastKnownFileType = sourcecode.c.h; path = KHttpManager.h; sourceTree = "<group>"; };
		FB1B89211868224C0096B400 /* KHttpManager.m */ = {isa = PBXFileReference; fileEncoding = 4; lastKnownFileType = sourcecode.c.objc; path = KHttpManager.m; sourceTree = "<group>"; };
		FB1B89221868224C0096B400 /* KUnits.h */ = {isa = PBXFileReference; fileEncoding = 4; lastKnownFileType = sourcecode.c.h; path = KUnits.h; sourceTree = "<group>"; };
		FB1B89231868224C0096B400 /* KUnits.m */ = {isa = PBXFileReference; fileEncoding = 4; lastKnownFileType = sourcecode.c.objc; path = KUnits.m; sourceTree = "<group>"; };
		FB1B89241868224C0096B400 /* UIImage+Compress.h */ = {isa = PBXFileReference; fileEncoding = 4; lastKnownFileType = sourcecode.c.h; path = "UIImage+Compress.h"; sourceTree = "<group>"; };
		FB1B89251868224C0096B400 /* UIImage+Compress.m */ = {isa = PBXFileReference; fileEncoding = 4; lastKnownFileType = sourcecode.c.objc; path = "UIImage+Compress.m"; sourceTree = "<group>"; };
		FB1B89271868224C0096B400 /* KQQChatShared.h */ = {isa = PBXFileReference; fileEncoding = 4; lastKnownFileType = sourcecode.c.h; path = KQQChatShared.h; sourceTree = "<group>"; };
		FB1B89281868224C0096B400 /* KQQChatShared.m */ = {isa = PBXFileReference; fileEncoding = 4; lastKnownFileType = sourcecode.c.objc; path = KQQChatShared.m; sourceTree = "<group>"; };
		FB1B89291868224C0096B400 /* KSharedMessage.h */ = {isa = PBXFileReference; fileEncoding = 4; lastKnownFileType = sourcecode.c.h; path = KSharedMessage.h; sourceTree = "<group>"; };
		FB1B892A1868224C0096B400 /* KSharedMessage.m */ = {isa = PBXFileReference; fileEncoding = 4; lastKnownFileType = sourcecode.c.objc; path = KSharedMessage.m; sourceTree = "<group>"; };
		FB1B892B1868224C0096B400 /* KSharedSDK.m */ = {isa = PBXFileReference; fileEncoding = 4; lastKnownFileType = sourcecode.c.objc; path = KSharedSDK.m; sourceTree = "<group>"; };
		FB1B892C1868224C0096B400 /* KSinaWeiboShared.h */ = {isa = PBXFileReference; fileEncoding = 4; lastKnownFileType = sourcecode.c.h; path = KSinaWeiboShared.h; sourceTree = "<group>"; };
		FB1B892D1868224C0096B400 /* KSinaWeiboShared.m */ = {isa = PBXFileReference; fileEncoding = 4; lastKnownFileType = sourcecode.c.objc; path = KSinaWeiboShared.m; sourceTree = "<group>"; };
		FB1B892E1868224C0096B400 /* KTencentWeiboShared.h */ = {isa = PBXFileReference; fileEncoding = 4; lastKnownFileType = sourcecode.c.h; path = KTencentWeiboShared.h; sourceTree = "<group>"; };
		FB1B892F1868224C0096B400 /* KTencentWeiboShared.m */ = {isa = PBXFileReference; fileEncoding = 4; lastKnownFileType = sourcecode.c.objc; path = KTencentWeiboShared.m; sourceTree = "<group>"; };
		FB1B89301868224C0096B400 /* KWeChatShared.h */ = {isa = PBXFileReference; fileEncoding = 4; lastKnownFileType = sourcecode.c.h; path = KWeChatShared.h; sourceTree = "<group>"; };
		FB1B89311868224C0096B400 /* KWeChatShared.m */ = {isa = PBXFileReference; fileEncoding = 4; lastKnownFileType = sourcecode.c.objc; path = KWeChatShared.m; sourceTree = "<group>"; };
		FB1B89321868224C0096B400 /* KWeiboOauthView.h */ = {isa = PBXFileReference; fileEncoding = 4; lastKnownFileType = sourcecode.c.h; path = KWeiboOauthView.h; sourceTree = "<group>"; };
		FB1B89331868224C0096B400 /* KWeiboOauthView.m */ = {isa = PBXFileReference; fileEncoding = 4; lastKnownFileType = sourcecode.c.objc; path = KWeiboOauthView.m; sourceTree = "<group>"; };
		FB1B89351868224C0096B400 /* libWeChatSDK.a */ = {isa = PBXFileReference; lastKnownFileType = archive.ar; path = libWeChatSDK.a; sourceTree = "<group>"; };
		FB1B89361868224C0096B400 /* WXApi.h */ = {isa = PBXFileReference; fileEncoding = 4; lastKnownFileType = sourcecode.c.h; path = WXApi.h; sourceTree = "<group>"; };
		FB1B89371868224C0096B400 /* WXApiObject.h */ = {isa = PBXFileReference; fileEncoding = 4; lastKnownFileType = sourcecode.c.h; path = WXApiObject.h; sourceTree = "<group>"; };
		FB1B89381868224C0096B400 /* KSharedSDK.h */ = {isa = PBXFileReference; fileEncoding = 4; lastKnownFileType = sourcecode.c.h; path = KSharedSDK.h; sourceTree = "<group>"; };
		FB1B89391868224C0096B400 /* KSharedSDKDefine.h */ = {isa = PBXFileReference; fileEncoding = 4; lastKnownFileType = sourcecode.c.h; path = KSharedSDKDefine.h; sourceTree = "<group>"; };
		FB1B893B1868224C0096B400 /* EditBlogViewController.h */ = {isa = PBXFileReference; fileEncoding = 4; lastKnownFileType = sourcecode.c.h; path = EditBlogViewController.h; sourceTree = "<group>"; };
		FB1B893C1868224C0096B400 /* EditBlogViewController.m */ = {isa = PBXFileReference; fileEncoding = 4; lastKnownFileType = sourcecode.c.objc; path = EditBlogViewController.m; sourceTree = "<group>"; };
		FB1B893D1868224C0096B400 /* HYActivityView.h */ = {isa = PBXFileReference; fileEncoding = 4; lastKnownFileType = sourcecode.c.h; path = HYActivityView.h; sourceTree = "<group>"; };
		FB1B893E1868224C0096B400 /* HYActivityView.m */ = {isa = PBXFileReference; fileEncoding = 4; lastKnownFileType = sourcecode.c.objc; path = HYActivityView.m; sourceTree = "<group>"; };
		FB1B89401868224C0096B400 /* share_platform_qqfriends@2x.png */ = {isa = PBXFileReference; lastKnownFileType = image.png; path = "share_platform_qqfriends@2x.png"; sourceTree = "<group>"; };
		FB1B89411868224C0096B400 /* share_platform_sina@2x.png */ = {isa = PBXFileReference; lastKnownFileType = image.png; path = "share_platform_sina@2x.png"; sourceTree = "<group>"; };
		FB1B89421868224C0096B400 /* share_platform_TencentWeibo@2x.png */ = {isa = PBXFileReference; lastKnownFileType = image.png; path = "share_platform_TencentWeibo@2x.png"; sourceTree = "<group>"; };
		FB1B89431868224C0096B400 /* share_platform_wechat@2x.png */ = {isa = PBXFileReference; lastKnownFileType = image.png; path = "share_platform_wechat@2x.png"; sourceTree = "<group>"; };
		FB1B89441868224C0096B400 /* share_platform_wechattimeline@2x.png */ = {isa = PBXFileReference; lastKnownFileType = image.png; path = "share_platform_wechattimeline@2x.png"; sourceTree = "<group>"; };
		FB1B89451868224C0096B400 /* KShareViewManage.h */ = {isa = PBXFileReference; fileEncoding = 4; lastKnownFileType = sourcecode.c.h; path = KShareViewManage.h; sourceTree = "<group>"; };
		FB1B89461868224C0096B400 /* KShareViewManage.m */ = {isa = PBXFileReference; fileEncoding = 4; lastKnownFileType = sourcecode.c.objc; path = KShareViewManage.m; sourceTree = "<group>"; };
		FB62FD721867E0450071F723 /* macro.h */ = {isa = PBXFileReference; lastKnownFileType = sourcecode.c.h; path = macro.h; sourceTree = "<group>"; };
		FB62FD731867FDDB0071F723 /* AccountItem.h */ = {isa = PBXFileReference; fileEncoding = 4; lastKnownFileType = sourcecode.c.h; path = AccountItem.h; sourceTree = "<group>"; };
		FB62FD741867FDDB0071F723 /* AccountItem.m */ = {isa = PBXFileReference; fileEncoding = 4; lastKnownFileType = sourcecode.c.objc; path = AccountItem.m; sourceTree = "<group>"; };
		FB87CBCF18557286003D6602 /* password.app */ = {isa = PBXFileReference; explicitFileType = wrapper.application; includeInIndex = 0; path = password.app; sourceTree = BUILT_PRODUCTS_DIR; };
		FB87CBD218557286003D6602 /* Foundation.framework */ = {isa = PBXFileReference; lastKnownFileType = wrapper.framework; name = Foundation.framework; path = System/Library/Frameworks/Foundation.framework; sourceTree = SDKROOT; };
		FB87CBD418557286003D6602 /* CoreGraphics.framework */ = {isa = PBXFileReference; lastKnownFileType = wrapper.framework; name = CoreGraphics.framework; path = System/Library/Frameworks/CoreGraphics.framework; sourceTree = SDKROOT; };
		FB87CBD618557286003D6602 /* UIKit.framework */ = {isa = PBXFileReference; lastKnownFileType = wrapper.framework; name = UIKit.framework; path = System/Library/Frameworks/UIKit.framework; sourceTree = SDKROOT; };
		FB87CBDA18557286003D6602 /* password-Info.plist */ = {isa = PBXFileReference; lastKnownFileType = text.plist.xml; path = "password-Info.plist"; sourceTree = "<group>"; };
		FB87CBDC18557286003D6602 /* en */ = {isa = PBXFileReference; lastKnownFileType = text.plist.strings; name = en; path = en.lproj/InfoPlist.strings; sourceTree = "<group>"; };
		FB87CBDE18557286003D6602 /* main.m */ = {isa = PBXFileReference; lastKnownFileType = sourcecode.c.objc; path = main.m; sourceTree = "<group>"; };
		FB87CBE018557286003D6602 /* password-Prefix.pch */ = {isa = PBXFileReference; lastKnownFileType = sourcecode.c.h; path = "password-Prefix.pch"; sourceTree = "<group>"; };
		FB87CBE118557286003D6602 /* AppDelegate.h */ = {isa = PBXFileReference; lastKnownFileType = sourcecode.c.h; path = AppDelegate.h; sourceTree = "<group>"; };
		FB87CBE218557286003D6602 /* AppDelegate.m */ = {isa = PBXFileReference; lastKnownFileType = sourcecode.c.objc; path = AppDelegate.m; sourceTree = "<group>"; };
		FB87CBE418557286003D6602 /* Images.xcassets */ = {isa = PBXFileReference; lastKnownFileType = folder.assetcatalog; path = Images.xcassets; sourceTree = "<group>"; };
		FB87CBEA18557287003D6602 /* passwordTests.xctest */ = {isa = PBXFileReference; explicitFileType = wrapper.cfbundle; includeInIndex = 0; path = passwordTests.xctest; sourceTree = BUILT_PRODUCTS_DIR; };
		FB87CBEB18557287003D6602 /* XCTest.framework */ = {isa = PBXFileReference; lastKnownFileType = wrapper.framework; name = XCTest.framework; path = Library/Frameworks/XCTest.framework; sourceTree = DEVELOPER_DIR; };
		FB87CC01185572EE003D6602 /* MainViewController.h */ = {isa = PBXFileReference; fileEncoding = 4; lastKnownFileType = sourcecode.c.h; path = MainViewController.h; sourceTree = "<group>"; };
		FB87CC02185572EE003D6602 /* MainViewController.m */ = {isa = PBXFileReference; fileEncoding = 4; lastKnownFileType = sourcecode.c.objc; path = MainViewController.m; sourceTree = "<group>"; };
		FB87CC03185572EE003D6602 /* MainViewController.xib */ = {isa = PBXFileReference; fileEncoding = 4; lastKnownFileType = file.xib; path = MainViewController.xib; sourceTree = "<group>"; };
		FB87CC1518559009003D6602 /* NormalCircle.h */ = {isa = PBXFileReference; fileEncoding = 4; lastKnownFileType = sourcecode.c.h; path = NormalCircle.h; sourceTree = "<group>"; };
		FB87CC1618559009003D6602 /* NormalCircle.m */ = {isa = PBXFileReference; fileEncoding = 4; lastKnownFileType = sourcecode.c.objc; path = NormalCircle.m; sourceTree = "<group>"; };
		FB87CC1718559009003D6602 /* SPLine.h */ = {isa = PBXFileReference; fileEncoding = 4; lastKnownFileType = sourcecode.c.h; path = SPLine.h; sourceTree = "<group>"; };
		FB87CC1818559009003D6602 /* SPLine.m */ = {isa = PBXFileReference; fileEncoding = 4; lastKnownFileType = sourcecode.c.objc; path = SPLine.m; sourceTree = "<group>"; };
		FB87CC1918559009003D6602 /* SPLockOverlay.h */ = {isa = PBXFileReference; fileEncoding = 4; lastKnownFileType = sourcecode.c.h; path = SPLockOverlay.h; sourceTree = "<group>"; };
		FB87CC1A18559009003D6602 /* SPLockOverlay.m */ = {isa = PBXFileReference; fileEncoding = 4; lastKnownFileType = sourcecode.c.objc; path = SPLockOverlay.m; sourceTree = "<group>"; };
		FB87CC1B18559009003D6602 /* SPLockScreen.h */ = {isa = PBXFileReference; fileEncoding = 4; lastKnownFileType = sourcecode.c.h; path = SPLockScreen.h; sourceTree = "<group>"; };
		FB87CC1C18559009003D6602 /* SPLockScreen.m */ = {isa = PBXFileReference; fileEncoding = 4; lastKnownFileType = sourcecode.c.objc; path = SPLockScreen.m; sourceTree = "<group>"; };
		FB87CC21185590F1003D6602 /* LockViewController.h */ = {isa = PBXFileReference; fileEncoding = 4; lastKnownFileType = sourcecode.c.h; path = LockViewController.h; sourceTree = "<group>"; };
		FB87CC22185590F1003D6602 /* LockViewController.m */ = {isa = PBXFileReference; fileEncoding = 4; lastKnownFileType = sourcecode.c.objc; path = LockViewController.m; sourceTree = "<group>"; };
		FB87CC23185590F1003D6602 /* LockViewController.xib */ = {isa = PBXFileReference; fileEncoding = 4; lastKnownFileType = file.xib; path = LockViewController.xib; sourceTree = "<group>"; };
		FB87CC2918559376003D6602 /* lockBackground.png */ = {isa = PBXFileReference; lastKnownFileType = image.png; path = lockBackground.png; sourceTree = "<group>"; };
		FBA6CDD6186856D600DE26BB /* RemarkTextViewController.h */ = {isa = PBXFileReference; fileEncoding = 4; lastKnownFileType = sourcecode.c.h; path = RemarkTextViewController.h; sourceTree = "<group>"; };
		FBA6CDD7186856D600DE26BB /* RemarkTextViewController.m */ = {isa = PBXFileReference; fileEncoding = 4; lastKnownFileType = sourcecode.c.objc; path = RemarkTextViewController.m; sourceTree = "<group>"; };
		FBA6CDD8186856D600DE26BB /* RemarkTextViewController.xib */ = {isa = PBXFileReference; fileEncoding = 4; lastKnownFileType = file.xib; path = RemarkTextViewController.xib; sourceTree = "<group>"; };
/* End PBXFileReference section */

/* Begin PBXFrameworksBuildPhase section */
		FB87CBCC18557286003D6602 /* Frameworks */ = {
			isa = PBXFrameworksBuildPhase;
			buildActionMask = 2147483647;
			files = (
				2756A3351865F4320030941C /* libsqlite3.dylib in Frameworks */,
				FB87CBD518557286003D6602 /* CoreGraphics.framework in Frameworks */,
				FB87CBD718557286003D6602 /* UIKit.framework in Frameworks */,
				FB87CBD318557286003D6602 /* Foundation.framework in Frameworks */,
				FB1B89511868224C0096B400 /* libWeChatSDK.a in Frameworks */,
			);
			runOnlyForDeploymentPostprocessing = 0;
		};
		FB87CBE718557287003D6602 /* Frameworks */ = {
			isa = PBXFrameworksBuildPhase;
			buildActionMask = 2147483647;
			files = (
				FB87CBEC18557287003D6602 /* XCTest.framework in Frameworks */,
				FB87CBEE18557287003D6602 /* UIKit.framework in Frameworks */,
				FB87CBED18557287003D6602 /* Foundation.framework in Frameworks */,
			);
			runOnlyForDeploymentPostprocessing = 0;
		};
/* End PBXFrameworksBuildPhase section */

/* Begin PBXGroup section */
		271C9DA4186553F300DB39C7 /* KTextViewPlaceholder */ = {
			isa = PBXGroup;
			children = (
				271C9DA5186553F300DB39C7 /* KTextViewPlaceholder.h */,
				271C9DA6186553F300DB39C7 /* KTextViewPlaceholder.m */,
			);
			name = KTextViewPlaceholder;
			path = password/KTextViewPlaceholder;
			sourceTree = "<group>";
		};
		2739E6F2185E09CD0062AAF5 /* model */ = {
			isa = PBXGroup;
			children = (
				FB62FD731867FDDB0071F723 /* AccountItem.h */,
				FB62FD741867FDDB0071F723 /* AccountItem.m */,
				2767199B1866154100867197 /* Storage.h */,
				2767199C1866154100867197 /* Storage.m */,
			);
			name = model;
			sourceTree = "<group>";
		};
		2739E6F3185E09EA0062AAF5 /* VCs */ = {
			isa = PBXGroup;
			children = (
				FB87CC01185572EE003D6602 /* MainViewController.h */,
				FB87CC02185572EE003D6602 /* MainViewController.m */,
				FB87CC03185572EE003D6602 /* MainViewController.xib */,
				FB87CC21185590F1003D6602 /* LockViewController.h */,
				FB87CC22185590F1003D6602 /* LockViewController.m */,
				FB87CC23185590F1003D6602 /* LockViewController.xib */,
				2739E6F4185E0A230062AAF5 /* SettingViewController.h */,
				2739E6F5185E0A230062AAF5 /* SettingViewController.m */,
				2739E6F6185E0A230062AAF5 /* SettingViewController.xib */,
				2739E705185E10E40062AAF5 /* EditAccountViewController.h */,
				2739E706185E10E40062AAF5 /* EditAccountViewController.m */,
				2739E707185E10E40062AAF5 /* EditAccountViewController.xib */,
				FBA6CDD6186856D600DE26BB /* RemarkTextViewController.h */,
				FBA6CDD7186856D600DE26BB /* RemarkTextViewController.m */,
				FBA6CDD8186856D600DE26BB /* RemarkTextViewController.xib */,
				2739E6FE185E0C920062AAF5 /* AccountSummaryCell.h */,
				2739E6FF185E0C920062AAF5 /* AccountSummaryCell.m */,
				2739E701185E0CA10062AAF5 /* AccountSummaryCell.xib */,
				2739E70A185E17700062AAF5 /* ImageTextFieldCell.h */,
				2739E70B185E17700062AAF5 /* ImageTextFieldCell.m */,
				2739E70D185E17820062AAF5 /* ImageTextFieldCell.xib */,
				2739E711185E17AD0062AAF5 /* LabelTextFieldCell.h */,
				2739E712185E17AD0062AAF5 /* LabelTextFieldCell.m */,
				2739E70F185E17990062AAF5 /* LabelTextFieldCell.xib */,
			);
			name = VCs;
			sourceTree = "<group>";
		};
		2756A3241865ED370030941C /* fmdb */ = {
			isa = PBXGroup;
			children = (
				2756A3251865ED370030941C /* FMDatabase.h */,
				2756A3261865ED370030941C /* FMDatabase.m */,
				2756A3271865ED370030941C /* FMDatabaseAdditions.h */,
				2756A3281865ED370030941C /* FMDatabaseAdditions.m */,
				2756A3291865ED370030941C /* FMDatabasePool.h */,
				2756A32A1865ED370030941C /* FMDatabasePool.m */,
				2756A32B1865ED370030941C /* FMDatabaseQueue.h */,
				2756A32C1865ED370030941C /* FMDatabaseQueue.m */,
				2756A32D1865ED370030941C /* FMResultSet.h */,
				2756A32E1865ED370030941C /* FMResultSet.m */,
			);
			name = fmdb;
			path = password/fmdb;
			sourceTree = "<group>";
		};
		FB1B891E1868224C0096B400 /* KSharedSDK */ = {
			isa = PBXGroup;
			children = (
				FB1B891F1868224C0096B400 /* Common */,
				FB1B89261868224C0096B400 /* Core */,
				FB1B89381868224C0096B400 /* KSharedSDK.h */,
				FB1B89391868224C0096B400 /* KSharedSDKDefine.h */,
				FB1B893A1868224C0096B400 /* View */,
			);
			name = KSharedSDK;
			path = password/KSharedSDK;
			sourceTree = "<group>";
		};
		FB1B891F1868224C0096B400 /* Common */ = {
			isa = PBXGroup;
			children = (
				FB1B89201868224C0096B400 /* KHttpManager.h */,
				FB1B89211868224C0096B400 /* KHttpManager.m */,
				FB1B89221868224C0096B400 /* KUnits.h */,
				FB1B89231868224C0096B400 /* KUnits.m */,
				FB1B89241868224C0096B400 /* UIImage+Compress.h */,
				FB1B89251868224C0096B400 /* UIImage+Compress.m */,
			);
			path = Common;
			sourceTree = "<group>";
		};
		FB1B89261868224C0096B400 /* Core */ = {
			isa = PBXGroup;
			children = (
				FB1B89271868224C0096B400 /* KQQChatShared.h */,
				FB1B89281868224C0096B400 /* KQQChatShared.m */,
				FB1B89291868224C0096B400 /* KSharedMessage.h */,
				FB1B892A1868224C0096B400 /* KSharedMessage.m */,
				FB1B892B1868224C0096B400 /* KSharedSDK.m */,
				FB1B892C1868224C0096B400 /* KSinaWeiboShared.h */,
				FB1B892D1868224C0096B400 /* KSinaWeiboShared.m */,
				FB1B892E1868224C0096B400 /* KTencentWeiboShared.h */,
				FB1B892F1868224C0096B400 /* KTencentWeiboShared.m */,
				FB1B89301868224C0096B400 /* KWeChatShared.h */,
				FB1B89311868224C0096B400 /* KWeChatShared.m */,
				FB1B89321868224C0096B400 /* KWeiboOauthView.h */,
				FB1B89331868224C0096B400 /* KWeiboOauthView.m */,
				FB1B89341868224C0096B400 /* WeChatSDK_1.4.2.1 */,
			);
			path = Core;
			sourceTree = "<group>";
		};
		FB1B89341868224C0096B400 /* WeChatSDK_1.4.2.1 */ = {
			isa = PBXGroup;
			children = (
				FB1B89351868224C0096B400 /* libWeChatSDK.a */,
				FB1B89361868224C0096B400 /* WXApi.h */,
				FB1B89371868224C0096B400 /* WXApiObject.h */,
			);
			path = WeChatSDK_1.4.2.1;
			sourceTree = "<group>";
		};
		FB1B893A1868224C0096B400 /* View */ = {
			isa = PBXGroup;
			children = (
				FB1B893B1868224C0096B400 /* EditBlogViewController.h */,
				FB1B893C1868224C0096B400 /* EditBlogViewController.m */,
				FB1B893D1868224C0096B400 /* HYActivityView.h */,
				FB1B893E1868224C0096B400 /* HYActivityView.m */,
				FB1B893F1868224C0096B400 /* Icon */,
				FB1B89451868224C0096B400 /* KShareViewManage.h */,
				FB1B89461868224C0096B400 /* KShareViewManage.m */,
			);
			path = View;
			sourceTree = "<group>";
		};
		FB1B893F1868224C0096B400 /* Icon */ = {
			isa = PBXGroup;
			children = (
				FB1B89401868224C0096B400 /* share_platform_qqfriends@2x.png */,
				FB1B89411868224C0096B400 /* share_platform_sina@2x.png */,
				FB1B89421868224C0096B400 /* share_platform_TencentWeibo@2x.png */,
				FB1B89431868224C0096B400 /* share_platform_wechat@2x.png */,
				FB1B89441868224C0096B400 /* share_platform_wechattimeline@2x.png */,
			);
			path = Icon;
			sourceTree = "<group>";
		};
		FB87CBC618557286003D6602 = {
			isa = PBXGroup;
			children = (
				FB87CBD818557286003D6602 /* password */,
				FB87CBD118557286003D6602 /* Frameworks */,
				FB87CBD018557286003D6602 /* Products */,
			);
			sourceTree = "<group>";
		};
		FB87CBD018557286003D6602 /* Products */ = {
			isa = PBXGroup;
			children = (
				FB87CBCF18557286003D6602 /* password.app */,
				FB87CBEA18557287003D6602 /* passwordTests.xctest */,
			);
			name = Products;
			sourceTree = "<group>";
		};
		FB87CBD118557286003D6602 /* Frameworks */ = {
			isa = PBXGroup;
			children = (
				2756A3341865F4320030941C /* libsqlite3.dylib */,
				FB87CBD218557286003D6602 /* Foundation.framework */,
				FB87CBD418557286003D6602 /* CoreGraphics.framework */,
				FB87CBD618557286003D6602 /* UIKit.framework */,
				FB87CBEB18557287003D6602 /* XCTest.framework */,
			);
			name = Frameworks;
			sourceTree = "<group>";
		};
		FB87CBD818557286003D6602 /* password */ = {
			isa = PBXGroup;
			children = (
				FB87CC1318558FD9003D6602 /* extern */,
				2739E6F3185E09EA0062AAF5 /* VCs */,
				2739E6F2185E09CD0062AAF5 /* model */,
				FB87CBE418557286003D6602 /* Images.xcassets */,
				FB87CC26185591AF003D6602 /* resource */,
				FB87CBD918557286003D6602 /* Supporting Files */,
			);
			path = password;
			sourceTree = "<group>";
		};
		FB87CBD918557286003D6602 /* Supporting Files */ = {
			isa = PBXGroup;
			children = (
				FB87CBE118557286003D6602 /* AppDelegate.h */,
				FB87CBE218557286003D6602 /* AppDelegate.m */,
				FB87CBDA18557286003D6602 /* password-Info.plist */,
				FB87CBDB18557286003D6602 /* InfoPlist.strings */,
				FB87CBDE18557286003D6602 /* main.m */,
				FB87CBE018557286003D6602 /* password-Prefix.pch */,
				FB62FD721867E0450071F723 /* macro.h */,
			);
			name = "Supporting Files";
			sourceTree = "<group>";
		};
		FB87CC1318558FD9003D6602 /* extern */ = {
			isa = PBXGroup;
			children = (
				FB1B891E1868224C0096B400 /* KSharedSDK */,
				2756A3241865ED370030941C /* fmdb */,
				271C9DA4186553F300DB39C7 /* KTextViewPlaceholder */,
				FB87CC1418559009003D6602 /* SPLockScreen */,
			);
			name = extern;
			path = ..;
			sourceTree = "<group>";
		};
		FB87CC1418559009003D6602 /* SPLockScreen */ = {
			isa = PBXGroup;
			children = (
				FB87CC1518559009003D6602 /* NormalCircle.h */,
				FB87CC1618559009003D6602 /* NormalCircle.m */,
				FB87CC1718559009003D6602 /* SPLine.h */,
				FB87CC1818559009003D6602 /* SPLine.m */,
				FB87CC1918559009003D6602 /* SPLockOverlay.h */,
				FB87CC1A18559009003D6602 /* SPLockOverlay.m */,
				FB87CC1B18559009003D6602 /* SPLockScreen.h */,
				FB87CC1C18559009003D6602 /* SPLockScreen.m */,
			);
			name = SPLockScreen;
			path = password/SPLockScreen;
			sourceTree = "<group>";
		};
		FB87CC26185591AF003D6602 /* resource */ = {
			isa = PBXGroup;
			children = (
				2739E703185E0F1B0062AAF5 /* avatar.png */,
				FB87CC2918559376003D6602 /* lockBackground.png */,
			);
			name = resource;
			sourceTree = "<group>";
		};
/* End PBXGroup section */

/* Begin PBXNativeTarget section */
		FB87CBCE18557286003D6602 /* password */ = {
			isa = PBXNativeTarget;
			buildConfigurationList = FB87CBFB18557287003D6602 /* Build configuration list for PBXNativeTarget "password" */;
			buildPhases = (
				FB87CBCB18557286003D6602 /* Sources */,
				FB87CBCC18557286003D6602 /* Frameworks */,
				FB87CBCD18557286003D6602 /* Resources */,
			);
			buildRules = (
			);
			dependencies = (
			);
			name = password;
			productName = password;
			productReference = FB87CBCF18557286003D6602 /* password.app */;
			productType = "com.apple.product-type.application";
		};
		FB87CBE918557287003D6602 /* passwordTests */ = {
			isa = PBXNativeTarget;
			buildConfigurationList = FB87CBFE18557287003D6602 /* Build configuration list for PBXNativeTarget "passwordTests" */;
			buildPhases = (
				FB87CBE618557287003D6602 /* Sources */,
				FB87CBE718557287003D6602 /* Frameworks */,
				FB87CBE818557287003D6602 /* Resources */,
			);
			buildRules = (
			);
			dependencies = (
				FB87CBF018557287003D6602 /* PBXTargetDependency */,
			);
			name = passwordTests;
			productName = passwordTests;
			productReference = FB87CBEA18557287003D6602 /* passwordTests.xctest */;
			productType = "com.apple.product-type.bundle.unit-test";
		};
/* End PBXNativeTarget section */

/* Begin PBXProject section */
		FB87CBC718557286003D6602 /* Project object */ = {
			isa = PBXProject;
			attributes = {
				LastUpgradeCheck = 0500;
				ORGANIZATIONNAME = kyle;
				TargetAttributes = {
					FB87CBE918557287003D6602 = {
						TestTargetID = FB87CBCE18557286003D6602;
					};
				};
			};
			buildConfigurationList = FB87CBCA18557286003D6602 /* Build configuration list for PBXProject "password" */;
			compatibilityVersion = "Xcode 3.2";
			developmentRegion = English;
			hasScannedForEncodings = 0;
			knownRegions = (
				en,
			);
			mainGroup = FB87CBC618557286003D6602;
			productRefGroup = FB87CBD018557286003D6602 /* Products */;
			projectDirPath = "";
			projectRoot = "";
			targets = (
				FB87CBCE18557286003D6602 /* password */,
				FB87CBE918557287003D6602 /* passwordTests */,
			);
		};
/* End PBXProject section */

/* Begin PBXResourcesBuildPhase section */
		FB87CBCD18557286003D6602 /* Resources */ = {
			isa = PBXResourcesBuildPhase;
			buildActionMask = 2147483647;
			files = (
				2739E704185E0F1B0062AAF5 /* avatar.png in Resources */,
				FBA6CDDA186856D600DE26BB /* RemarkTextViewController.xib in Resources */,
				FB1B89561868224C0096B400 /* share_platform_TencentWeibo@2x.png in Resources */,
				FB87CBDD18557286003D6602 /* InfoPlist.strings in Resources */,
				2739E702185E0CA10062AAF5 /* AccountSummaryCell.xib in Resources */,
				2739E6F8185E0A230062AAF5 /* SettingViewController.xib in Resources */,
				FB1B89551868224C0096B400 /* share_platform_sina@2x.png in Resources */,
				FB87CC05185572EE003D6602 /* MainViewController.xib in Resources */,
				FB87CBE518557286003D6602 /* Images.xcassets in Resources */,
				FB87CC2A18559376003D6602 /* lockBackground.png in Resources */,
				2739E70E185E17820062AAF5 /* ImageTextFieldCell.xib in Resources */,
				FB1B89581868224C0096B400 /* share_platform_wechattimeline@2x.png in Resources */,
				FB1B89571868224C0096B400 /* share_platform_wechat@2x.png in Resources */,
				2739E710185E17990062AAF5 /* LabelTextFieldCell.xib in Resources */,
				FB1B89541868224C0096B400 /* share_platform_qqfriends@2x.png in Resources */,
				FB87CC25185590F1003D6602 /* LockViewController.xib in Resources */,
				2739E709185E10E40062AAF5 /* EditAccountViewController.xib in Resources */,
			);
			runOnlyForDeploymentPostprocessing = 0;
		};
		FB87CBE818557287003D6602 /* Resources */ = {
			isa = PBXResourcesBuildPhase;
			buildActionMask = 2147483647;
			files = (
			);
			runOnlyForDeploymentPostprocessing = 0;
		};
/* End PBXResourcesBuildPhase section */

/* Begin PBXSourcesBuildPhase section */
		FB87CBCB18557286003D6602 /* Sources */ = {
			isa = PBXSourcesBuildPhase;
			buildActionMask = 2147483647;
			files = (
				FB62FD751867FDDB0071F723 /* AccountItem.m in Sources */,
				FB87CC1D18559009003D6602 /* NormalCircle.m in Sources */,
				FB87CBE318557286003D6602 /* AppDelegate.m in Sources */,
				FB1B894C1868224C0096B400 /* KSharedSDK.m in Sources */,
				FB87CC04185572EE003D6602 /* MainViewController.m in Sources */,
				FB1B89491868224C0096B400 /* UIImage+Compress.m in Sources */,
				FB87CBDF18557286003D6602 /* main.m in Sources */,
				2756A3301865ED370030941C /* FMDatabaseAdditions.m in Sources */,
				FB1B89501868224C0096B400 /* KWeiboOauthView.m in Sources */,
				FB87CC1F18559009003D6602 /* SPLockOverlay.m in Sources */,
				2739E6F7185E0A230062AAF5 /* SettingViewController.m in Sources */,
				FB1B894A1868224C0096B400 /* KQQChatShared.m in Sources */,
				FB1B89481868224C0096B400 /* KUnits.m in Sources */,
				FB1B89531868224C0096B400 /* HYActivityView.m in Sources */,
				271C9DA7186553F300DB39C7 /* KTextViewPlaceholder.m in Sources */,
				2756A3321865ED370030941C /* FMDatabaseQueue.m in Sources */,
				2739E708185E10E40062AAF5 /* EditAccountViewController.m in Sources */,
				2739E70C185E17700062AAF5 /* ImageTextFieldCell.m in Sources */,
				FBA6CDD9186856D600DE26BB /* RemarkTextViewController.m in Sources */,
				FB87CC2018559009003D6602 /* SPLockScreen.m in Sources */,
				2739E700185E0C920062AAF5 /* AccountSummaryCell.m in Sources */,
				2756A3331865ED370030941C /* FMResultSet.m in Sources */,
				FB1B89521868224C0096B400 /* EditBlogViewController.m in Sources */,
				FB1B894D1868224C0096B400 /* KSinaWeiboShared.m in Sources */,
				2756A3311865ED370030941C /* FMDatabasePool.m in Sources */,
				FB1B894B1868224C0096B400 /* KSharedMessage.m in Sources */,
				FB1B89591868224C0096B400 /* KShareViewManage.m in Sources */,
				2739E713185E17AD0062AAF5 /* LabelTextFieldCell.m in Sources */,
				FB87CC1E18559009003D6602 /* SPLine.m in Sources */,
				FB1B894F1868224C0096B400 /* KWeChatShared.m in Sources */,
				FB1B894E1868224C0096B400 /* KTencentWeiboShared.m in Sources */,
				FB87CC24185590F1003D6602 /* LockViewController.m in Sources */,
				FB1B89471868224C0096B400 /* KHttpManager.m in Sources */,
				2756A32F1865ED370030941C /* FMDatabase.m in Sources */,
				2767199D1866154100867197 /* Storage.m in Sources */,
			);
			runOnlyForDeploymentPostprocessing = 0;
		};
		FB87CBE618557287003D6602 /* Sources */ = {
			isa = PBXSourcesBuildPhase;
			buildActionMask = 2147483647;
			files = (
			);
			runOnlyForDeploymentPostprocessing = 0;
		};
/* End PBXSourcesBuildPhase section */

/* Begin PBXTargetDependency section */
		FB87CBF018557287003D6602 /* PBXTargetDependency */ = {
			isa = PBXTargetDependency;
			target = FB87CBCE18557286003D6602 /* password */;
			targetProxy = FB87CBEF18557287003D6602 /* PBXContainerItemProxy */;
		};
/* End PBXTargetDependency section */

/* Begin PBXVariantGroup section */
		FB87CBDB18557286003D6602 /* InfoPlist.strings */ = {
			isa = PBXVariantGroup;
			children = (
				FB87CBDC18557286003D6602 /* en */,
			);
			name = InfoPlist.strings;
			sourceTree = "<group>";
		};
/* End PBXVariantGroup section */

/* Begin XCBuildConfiguration section */
		FB87CBF918557287003D6602 /* Debug */ = {
			isa = XCBuildConfiguration;
			buildSettings = {
				ALWAYS_SEARCH_USER_PATHS = NO;
				ARCHS = "$(ARCHS_STANDARD_32_BIT)";
				CLANG_CXX_LANGUAGE_STANDARD = "gnu++0x";
				CLANG_CXX_LIBRARY = "libc++";
				CLANG_ENABLE_MODULES = YES;
				CLANG_ENABLE_OBJC_ARC = YES;
				CLANG_WARN_BOOL_CONVERSION = YES;
				CLANG_WARN_CONSTANT_CONVERSION = YES;
				CLANG_WARN_DIRECT_OBJC_ISA_USAGE = YES_ERROR;
				CLANG_WARN_EMPTY_BODY = YES;
				CLANG_WARN_ENUM_CONVERSION = YES;
				CLANG_WARN_INT_CONVERSION = YES;
				CLANG_WARN_OBJC_ROOT_CLASS = YES_ERROR;
				CLANG_WARN__DUPLICATE_METHOD_MATCH = YES;
				"CODE_SIGN_IDENTITY[sdk=iphoneos*]" = "iPhone Developer";
				COPY_PHASE_STRIP = NO;
				GCC_C_LANGUAGE_STANDARD = gnu99;
				GCC_DYNAMIC_NO_PIC = NO;
				GCC_OPTIMIZATION_LEVEL = 0;
				GCC_PREPROCESSOR_DEFINITIONS = (
					"DEBUG=1",
					"$(inherited)",
				);
				GCC_SYMBOLS_PRIVATE_EXTERN = NO;
				GCC_WARN_64_TO_32_BIT_CONVERSION = YES;
				GCC_WARN_ABOUT_RETURN_TYPE = YES_ERROR;
				GCC_WARN_UNDECLARED_SELECTOR = YES;
				GCC_WARN_UNINITIALIZED_AUTOS = YES;
				GCC_WARN_UNUSED_FUNCTION = YES;
				GCC_WARN_UNUSED_VARIABLE = YES;
				IPHONEOS_DEPLOYMENT_TARGET = 7.0;
				ONLY_ACTIVE_ARCH = YES;
				SDKROOT = iphoneos;
			};
			name = Debug;
		};
		FB87CBFA18557287003D6602 /* Release */ = {
			isa = XCBuildConfiguration;
			buildSettings = {
				ALWAYS_SEARCH_USER_PATHS = NO;
				ARCHS = "$(ARCHS_STANDARD_32_BIT)";
				CLANG_CXX_LANGUAGE_STANDARD = "gnu++0x";
				CLANG_CXX_LIBRARY = "libc++";
				CLANG_ENABLE_MODULES = YES;
				CLANG_ENABLE_OBJC_ARC = YES;
				CLANG_WARN_BOOL_CONVERSION = YES;
				CLANG_WARN_CONSTANT_CONVERSION = YES;
				CLANG_WARN_DIRECT_OBJC_ISA_USAGE = YES_ERROR;
				CLANG_WARN_EMPTY_BODY = YES;
				CLANG_WARN_ENUM_CONVERSION = YES;
				CLANG_WARN_INT_CONVERSION = YES;
				CLANG_WARN_OBJC_ROOT_CLASS = YES_ERROR;
				CLANG_WARN__DUPLICATE_METHOD_MATCH = YES;
				"CODE_SIGN_IDENTITY[sdk=iphoneos*]" = "iPhone Developer";
				COPY_PHASE_STRIP = YES;
				ENABLE_NS_ASSERTIONS = NO;
				GCC_C_LANGUAGE_STANDARD = gnu99;
				GCC_WARN_64_TO_32_BIT_CONVERSION = YES;
				GCC_WARN_ABOUT_RETURN_TYPE = YES_ERROR;
				GCC_WARN_UNDECLARED_SELECTOR = YES;
				GCC_WARN_UNINITIALIZED_AUTOS = YES;
				GCC_WARN_UNUSED_FUNCTION = YES;
				GCC_WARN_UNUSED_VARIABLE = YES;
				IPHONEOS_DEPLOYMENT_TARGET = 7.0;
				SDKROOT = iphoneos;
				VALIDATE_PRODUCT = YES;
			};
			name = Release;
		};
		FB87CBFC18557287003D6602 /* Debug */ = {
			isa = XCBuildConfiguration;
			buildSettings = {
				ASSETCATALOG_COMPILER_APPICON_NAME = AppIcon;
				ASSETCATALOG_COMPILER_LAUNCHIMAGE_NAME = LaunchImage;
				GCC_PRECOMPILE_PREFIX_HEADER = YES;
				GCC_PREFIX_HEADER = "password/password-Prefix.pch";
				INFOPLIST_FILE = "password/password-Info.plist";
				LIBRARY_SEARCH_PATHS = (
					"$(inherited)",
					"$(SRCROOT)/password/KSharedSDK/Core/WeChatSDK_1.4.2.1",
					/Users/shannon/Desktop/password/password/KSharedSDK/Core/WeChatSDK_1.4.2.1,
				);
				PRODUCT_NAME = "$(TARGET_NAME)";
				WRAPPER_EXTENSION = app;
			};
			name = Debug;
		};
		FB87CBFD18557287003D6602 /* Release */ = {
			isa = XCBuildConfiguration;
			buildSettings = {
				ASSETCATALOG_COMPILER_APPICON_NAME = AppIcon;
				ASSETCATALOG_COMPILER_LAUNCHIMAGE_NAME = LaunchImage;
				GCC_PRECOMPILE_PREFIX_HEADER = YES;
				GCC_PREFIX_HEADER = "password/password-Prefix.pch";
				INFOPLIST_FILE = "password/password-Info.plist";
				LIBRARY_SEARCH_PATHS = (
					"$(inherited)",
					"$(SRCROOT)/password/KSharedSDK/Core/WeChatSDK_1.4.2.1",
					/Users/shannon/Desktop/password/password/KSharedSDK/Core/WeChatSDK_1.4.2.1,
				);
				PRODUCT_NAME = "$(TARGET_NAME)";
				WRAPPER_EXTENSION = app;
			};
			name = Release;
		};
		FB87CBFF18557287003D6602 /* Debug */ = {
			isa = XCBuildConfiguration;
			buildSettings = {
				ARCHS = "$(ARCHS_STANDARD_INCLUDING_64_BIT)";
				BUNDLE_LOADER = "$(BUILT_PRODUCTS_DIR)/password.app/password";
				FRAMEWORK_SEARCH_PATHS = (
					"$(SDKROOT)/Developer/Library/Frameworks",
					"$(inherited)",
					"$(DEVELOPER_FRAMEWORKS_DIR)",
				);
				GCC_PRECOMPILE_PREFIX_HEADER = YES;
				GCC_PREFIX_HEADER = "password/password-Prefix.pch";
				GCC_PREPROCESSOR_DEFINITIONS = (
					"DEBUG=1",
					"$(inherited)",
				);
				INFOPLIST_FILE = "passwordTests/passwordTests-Info.plist";
				PRODUCT_NAME = "$(TARGET_NAME)";
				TEST_HOST = "$(BUNDLE_LOADER)";
				WRAPPER_EXTENSION = xctest;
			};
			name = Debug;
		};
		FB87CC0018557287003D6602 /* Release */ = {
			isa = XCBuildConfiguration;
			buildSettings = {
				ARCHS = "$(ARCHS_STANDARD_INCLUDING_64_BIT)";
				BUNDLE_LOADER = "$(BUILT_PRODUCTS_DIR)/password.app/password";
				FRAMEWORK_SEARCH_PATHS = (
					"$(SDKROOT)/Developer/Library/Frameworks",
					"$(inherited)",
					"$(DEVELOPER_FRAMEWORKS_DIR)",
				);
				GCC_PRECOMPILE_PREFIX_HEADER = YES;
				GCC_PREFIX_HEADER = "password/password-Prefix.pch";
				INFOPLIST_FILE = "passwordTests/passwordTests-Info.plist";
				PRODUCT_NAME = "$(TARGET_NAME)";
				TEST_HOST = "$(BUNDLE_LOADER)";
				WRAPPER_EXTENSION = xctest;
			};
			name = Release;
		};
/* End XCBuildConfiguration section */

/* Begin XCConfigurationList section */
		FB87CBCA18557286003D6602 /* Build configuration list for PBXProject "password" */ = {
			isa = XCConfigurationList;
			buildConfigurations = (
				FB87CBF918557287003D6602 /* Debug */,
				FB87CBFA18557287003D6602 /* Release */,
			);
			defaultConfigurationIsVisible = 0;
			defaultConfigurationName = Release;
		};
		FB87CBFB18557287003D6602 /* Build configuration list for PBXNativeTarget "password" */ = {
			isa = XCConfigurationList;
			buildConfigurations = (
				FB87CBFC18557287003D6602 /* Debug */,
				FB87CBFD18557287003D6602 /* Release */,
			);
			defaultConfigurationIsVisible = 0;
			defaultConfigurationName = Release;
		};
		FB87CBFE18557287003D6602 /* Build configuration list for PBXNativeTarget "passwordTests" */ = {
			isa = XCConfigurationList;
			buildConfigurations = (
				FB87CBFF18557287003D6602 /* Debug */,
				FB87CC0018557287003D6602 /* Release */,
			);
			defaultConfigurationIsVisible = 0;
			defaultConfigurationName = Release;
		};
/* End XCConfigurationList section */
	};
	rootObject = FB87CBC718557286003D6602 /* Project object */;
}
